
Microsoft Visual Studio Solution File, Format Version 12.00
# Visual Studio Version 17
VisualStudioVersion = 17.1.32228.430
MinimumVisualStudioVersion = 10.0.40219.1
Project("{9A19103F-16F7-4668-BE54-9A1E7A4F7556}") = "INNZ0S_HFT_2022231.Client", "INNZ0S_HFT_2022231.Client\INNZ0S_HFT_2022231.Client.csproj", "{81687C7D-BCC1-4456-98A2-77F6C35B70AE}"
EndProject
Project("{9A19103F-16F7-4668-BE54-9A1E7A4F7556}") = "INNZ0S_HFT_2022231.Models", "INNZ0S_HFT_2022231.Models\INNZ0S_HFT_2022231.Models.csproj", "{5CB15476-4E45-419E-AD18-4F69B43583C2}"
EndProject
Project("{9A19103F-16F7-4668-BE54-9A1E7A4F7556}") = "INNZ0S_HFT_2022231.Endpoint", "INNZ0S_HFT_2022231.Endpoint\INNZ0S_HFT_2022231.Endpoint.csproj", "{24B5CC3D-8105-4642-85F5-E6A4D8169F1E}"
EndProject
Project("{9A19103F-16F7-4668-BE54-9A1E7A4F7556}") = "INNZ0S_HFT_2022231.Test", "INNZ0S_HFT_2022231.Test\INNZ0S_HFT_2022231.Test.csproj", "{06C1B99E-3E66-464B-A5CF-4D3741CC13A8}"
EndProject
Project("{2150E333-8FDC-42A3-9474-1A3956D46DE8}") = "Backend", "Backend", "{CB729325-566F-483A-A844-D6F082C92030}"
EndProject
Project("{2150E333-8FDC-42A3-9474-1A3956D46DE8}") = "Frontend", "Frontend", "{0050652F-2C55-4A72-9EBF-6F51A7026373}"
EndProject
Project("{2150E333-8FDC-42A3-9474-1A3956D46DE8}") = "Shared", "Shared", "{178AFAE2-F163-4280-B3C8-9AA7766F51FE}"
EndProject
Project("{9A19103F-16F7-4668-BE54-9A1E7A4F7556}") = "INNZ0S_HFT_2022231.Logic", "INNZ0S_HFT_2022231.Logic\INNZ0S_HFT_2022231.Logic.csproj", "{F271FA72-7B30-4900-A225-6400D96B51D2}"
EndProject
Project("{9A19103F-16F7-4668-BE54-9A1E7A4F7556}") = "INNZ0S_HFT_2022231.Repository", "INNZ0S_HFT_2022231.Repository\INNZ0S_HFT_2022231.Repository.csproj", "{940F8ABE-F612-4312-A8AF-E673CEA42EBC}"
EndProject
Project("{FAE04EC0-301F-11D3-BF4B-00C04F79EFBC}") = "Client.WPF", "Client.WPF\Client.WPF.csproj", "{ECD67FF9-4EA1-4741-8DA1-815FD95665E0}"
EndProject
Project("{FAE04EC0-301F-11D3-BF4B-00C04F79EFBC}") = "Client.BusinesLogic", "Client.BusinesLogic\Client.BusinesLogic.csproj", "{1B9F6598-CC29-4C39-ABE7-19653D726C4F}"
EndProject
Global
	GlobalSection(SolutionConfigurationPlatforms) = preSolution
		Debug|Any CPU = Debug|Any CPU
		Release|Any CPU = Release|Any CPU
	EndGlobalSection
	GlobalSection(ProjectConfigurationPlatforms) = postSolution
		{81687C7D-BCC1-4456-98A2-77F6C35B70AE}.Debug|Any CPU.ActiveCfg = Debug|Any CPU
		{81687C7D-BCC1-4456-98A2-77F6C35B70AE}.Debug|Any CPU.Build.0 = Debug|Any CPU
		{81687C7D-BCC1-4456-98A2-77F6C35B70AE}.Release|Any CPU.ActiveCfg = Release|Any CPU
		{81687C7D-BCC1-4456-98A2-77F6C35B70AE}.Release|Any CPU.Build.0 = Release|Any CPU
		{5CB15476-4E45-419E-AD18-4F69B43583C2}.Debug|Any CPU.ActiveCfg = Debug|Any CPU
		{5CB15476-4E45-419E-AD18-4F69B43583C2}.Debug|Any CPU.Build.0 = Debug|Any CPU
		{5CB15476-4E45-419E-AD18-4F69B43583C2}.Release|Any CPU.ActiveCfg = Release|Any CPU
		{5CB15476-4E45-419E-AD18-4F69B43583C2}.Release|Any CPU.Build.0 = Release|Any CPU
		{24B5CC3D-8105-4642-85F5-E6A4D8169F1E}.Debug|Any CPU.ActiveCfg = Debug|Any CPU
		{24B5CC3D-8105-4642-85F5-E6A4D8169F1E}.Debug|Any CPU.Build.0 = Debug|Any CPU
		{24B5CC3D-8105-4642-85F5-E6A4D8169F1E}.Release|Any CPU.ActiveCfg = Release|Any CPU
		{24B5CC3D-8105-4642-85F5-E6A4D8169F1E}.Release|Any CPU.Build.0 = Release|Any CPU
		{06C1B99E-3E66-464B-A5CF-4D3741CC13A8}.Debug|Any CPU.ActiveCfg = Debug|Any CPU
		{06C1B99E-3E66-464B-A5CF-4D3741CC13A8}.Debug|Any CPU.Build.0 = Debug|Any CPU
		{06C1B99E-3E66-464B-A5CF-4D3741CC13A8}.Release|Any CPU.ActiveCfg = Release|Any CPU
		{06C1B99E-3E66-464B-A5CF-4D3741CC13A8}.Release|Any CPU.Build.0 = Release|Any CPU
		{F271FA72-7B30-4900-A225-6400D96B51D2}.Debug|Any CPU.ActiveCfg = Debug|Any CPU
		{F271FA72-7B30-4900-A225-6400D96B51D2}.Debug|Any CPU.Build.0 = Debug|Any CPU
		{F271FA72-7B30-4900-A225-6400D96B51D2}.Release|Any CPU.ActiveCfg = Release|Any CPU
		{F271FA72-7B30-4900-A225-6400D96B51D2}.Release|Any CPU.Build.0 = Release|Any CPU
		{940F8ABE-F612-4312-A8AF-E673CEA42EBC}.Debug|Any CPU.ActiveCfg = Debug|Any CPU
		{940F8ABE-F612-4312-A8AF-E673CEA42EBC}.Debug|Any CPU.Build.0 = Debug|Any CPU
		{940F8ABE-F612-4312-A8AF-E673CEA42EBC}.Release|Any CPU.ActiveCfg = Release|Any CPU
		{940F8ABE-F612-4312-A8AF-E673CEA42EBC}.Release|Any CPU.Build.0 = Release|Any CPU
		{ECD67FF9-4EA1-4741-8DA1-815FD95665E0}.Debug|Any CPU.ActiveCfg = Debug|Any CPU
		{ECD67FF9-4EA1-4741-8DA1-815FD95665E0}.Debug|Any CPU.Build.0 = Debug|Any CPU
		{ECD67FF9-4EA1-4741-8DA1-815FD95665E0}.Release|Any CPU.ActiveCfg = Release|Any CPU
		{ECD67FF9-4EA1-4741-8DA1-815FD95665E0}.Release|Any CPU.Build.0 = Release|Any CPU
		{1B9F6598-CC29-4C39-ABE7-19653D726C4F}.Debug|Any CPU.ActiveCfg = Debug|Any CPU
		{1B9F6598-CC29-4C39-ABE7-19653D726C4F}.Debug|Any CPU.Build.0 = Debug|Any CPU
		{1B9F6598-CC29-4C39-ABE7-19653D726C4F}.Release|Any CPU.ActiveCfg = Release|Any CPU
		{1B9F6598-CC29-4C39-ABE7-19653D726C4F}.Release|Any CPU.Build.0 = Release|Any CPU
	EndGlobalSection
	GlobalSection(SolutionProperties) = preSolution
		HideSolutionNode = FALSE
	EndGlobalSection
	GlobalSection(NestedProjects) = preSolution
		{81687C7D-BCC1-4456-98A2-77F6C35B70AE} = {0050652F-2C55-4A72-9EBF-6F51A7026373}
		{5CB15476-4E45-419E-AD18-4F69B43583C2} = {178AFAE2-F163-4280-B3C8-9AA7766F51FE}
		{24B5CC3D-8105-4642-85F5-E6A4D8169F1E} = {CB729325-566F-483A-A844-D6F082C92030}
		{06C1B99E-3E66-464B-A5CF-4D3741CC13A8} = {CB729325-566F-483A-A844-D6F082C92030}
		{F271FA72-7B30-4900-A225-6400D96B51D2} = {CB729325-566F-483A-A844-D6F082C92030}
		{940F8ABE-F612-4312-A8AF-E673CEA42EBC} = {CB729325-566F-483A-A844-D6F082C92030}
		{ECD67FF9-4EA1-4741-8DA1-815FD95665E0} = {0050652F-2C55-4A72-9EBF-6F51A7026373}
		{1B9F6598-CC29-4C39-ABE7-19653D726C4F} = {0050652F-2C55-4A72-9EBF-6F51A7026373}
	EndGlobalSection
	GlobalSection(ExtensibilityGlobals) = postSolution
		SolutionGuid = {45BEA448-07CD-4D12-9917-9E248AFCD8E4}
	EndGlobalSection
EndGlobal
