
Microsoft Visual Studio Solution File, Format Version 12.00
# Visual Studio Version 16
VisualStudioVersion = 16.0.32901.82
MinimumVisualStudioVersion = 10.0.40219.1
Project("{FAE04EC0-301F-11D3-BF4B-00C04F79EFBC}") = "minta_zh", "minta_zh\minta_zh.csproj", "{480CA4A4-6D95-4D8A-A46F-D7A258506FAC}"
EndProject
Global
	GlobalSection(SolutionConfigurationPlatforms) = preSolution
		Debug|Any CPU = Debug|Any CPU
		Release|Any CPU = Release|Any CPU
	EndGlobalSection
	GlobalSection(ProjectConfigurationPlatforms) = postSolution
		{480CA4A4-6D95-4D8A-A46F-D7A258506FAC}.Debug|Any CPU.ActiveCfg = Debug|Any CPU
		{480CA4A4-6D95-4D8A-A46F-D7A258506FAC}.Debug|Any CPU.Build.0 = Debug|Any CPU
		{480CA4A4-6D95-4D8A-A46F-D7A258506FAC}.Release|Any CPU.ActiveCfg = Release|Any CPU
		{480CA4A4-6D95-4D8A-A46F-D7A258506FAC}.Release|Any CPU.Build.0 = Release|Any CPU
	EndGlobalSection
	GlobalSection(SolutionProperties) = preSolution
		HideSolutionNode = FALSE
	EndGlobalSection
	GlobalSection(ExtensibilityGlobals) = postSolution
		SolutionGuid = {173BA401-907A-4B70-AD60-E8E8482AF15F}
	EndGlobalSection
EndGlobal
