
Microsoft Visual Studio Solution File, Format Version 12.00
# Visual Studio 15
VisualStudioVersion = 15.0.27703.2018
MinimumVisualStudioVersion = 10.0.40219.1
Project("{FAE04EC0-301F-11D3-BF4B-00C04F79EFBC}") = "Kisebb_Nagyobb_RandomSzam", "Kisebb_Nagyobb_RandomSzam\Kisebb_Nagyobb_RandomSzam.csproj", "{9B54D3CF-0ED2-41EE-A354-22E64034E466}"
EndProject
Project("{FAE04EC0-301F-11D3-BF4B-00C04F79EFBC}") = "Egyszeru_programozasi_tetelek", "Egyszeru_programozasi_tetelek\Egyszeru_programozasi_tetelek.csproj", "{E16DB564-2853-4D44-A345-0B099659B0AA}"
EndProject
Project("{FAE04EC0-301F-11D3-BF4B-00C04F79EFBC}") = "Tomb_Feltoltese_Konzolrol", "Tomb_Feltoltese_Konzolrol\Tomb_Feltoltese_Konzolrol.csproj", "{F8074AEE-F2AC-4FE9-B683-C2164CB690CD}"
EndProject
Project("{FAE04EC0-301F-11D3-BF4B-00C04F79EFBC}") = "Ket_Dimenzios_Tomb_Beolvasas", "Ket_Dimenzios_Tomb_Beolvasas\Ket_Dimenzios_Tomb_Beolvasas.csproj", "{2C78A9C3-C770-4ABB-B6D9-934C4DE2E759}"
EndProject
Project("{FAE04EC0-301F-11D3-BF4B-00C04F79EFBC}") = "N_Darab_Szam_Tomb_Eldontes", "N_Darab_Szam_Tomb_Eldontes\N_Darab_Szam_Tomb_Eldontes.csproj", "{F92C3E88-625C-4813-84CF-A42498E2E96D}"
EndProject
Global
	GlobalSection(SolutionConfigurationPlatforms) = preSolution
		Debug|Any CPU = Debug|Any CPU
		Release|Any CPU = Release|Any CPU
	EndGlobalSection
	GlobalSection(ProjectConfigurationPlatforms) = postSolution
		{9B54D3CF-0ED2-41EE-A354-22E64034E466}.Debug|Any CPU.ActiveCfg = Debug|Any CPU
		{9B54D3CF-0ED2-41EE-A354-22E64034E466}.Debug|Any CPU.Build.0 = Debug|Any CPU
		{9B54D3CF-0ED2-41EE-A354-22E64034E466}.Release|Any CPU.ActiveCfg = Release|Any CPU
		{9B54D3CF-0ED2-41EE-A354-22E64034E466}.Release|Any CPU.Build.0 = Release|Any CPU
		{E16DB564-2853-4D44-A345-0B099659B0AA}.Debug|Any CPU.ActiveCfg = Debug|Any CPU
		{E16DB564-2853-4D44-A345-0B099659B0AA}.Debug|Any CPU.Build.0 = Debug|Any CPU
		{E16DB564-2853-4D44-A345-0B099659B0AA}.Release|Any CPU.ActiveCfg = Release|Any CPU
		{E16DB564-2853-4D44-A345-0B099659B0AA}.Release|Any CPU.Build.0 = Release|Any CPU
		{F8074AEE-F2AC-4FE9-B683-C2164CB690CD}.Debug|Any CPU.ActiveCfg = Debug|Any CPU
		{F8074AEE-F2AC-4FE9-B683-C2164CB690CD}.Debug|Any CPU.Build.0 = Debug|Any CPU
		{F8074AEE-F2AC-4FE9-B683-C2164CB690CD}.Release|Any CPU.ActiveCfg = Release|Any CPU
		{F8074AEE-F2AC-4FE9-B683-C2164CB690CD}.Release|Any CPU.Build.0 = Release|Any CPU
		{2C78A9C3-C770-4ABB-B6D9-934C4DE2E759}.Debug|Any CPU.ActiveCfg = Debug|Any CPU
		{2C78A9C3-C770-4ABB-B6D9-934C4DE2E759}.Debug|Any CPU.Build.0 = Debug|Any CPU
		{2C78A9C3-C770-4ABB-B6D9-934C4DE2E759}.Release|Any CPU.ActiveCfg = Release|Any CPU
		{2C78A9C3-C770-4ABB-B6D9-934C4DE2E759}.Release|Any CPU.Build.0 = Release|Any CPU
		{F92C3E88-625C-4813-84CF-A42498E2E96D}.Debug|Any CPU.ActiveCfg = Debug|Any CPU
		{F92C3E88-625C-4813-84CF-A42498E2E96D}.Debug|Any CPU.Build.0 = Debug|Any CPU
		{F92C3E88-625C-4813-84CF-A42498E2E96D}.Release|Any CPU.ActiveCfg = Release|Any CPU
		{F92C3E88-625C-4813-84CF-A42498E2E96D}.Release|Any CPU.Build.0 = Release|Any CPU
	EndGlobalSection
	GlobalSection(SolutionProperties) = preSolution
		HideSolutionNode = FALSE
	EndGlobalSection
	GlobalSection(ExtensibilityGlobals) = postSolution
		SolutionGuid = {5496C16A-8FBF-40BC-B62A-38900A504922}
	EndGlobalSection
EndGlobal
